// !$*UTF8*$!
{
	archiveVersion = 1;
	classes = {
	};
	objectVersion = 47;
	objects = {

/* Begin PBXBuildFile section */
		5641335A22DFB62C00D04476 /* cmain.c in Sources */ = {isa = PBXBuildFile; fileRef = 5641335822DFB62C00D04476 /* cmain.c */; };
		5641335D22DFB63300D04476 /* jssy.cpp in Sources */ = {isa = PBXBuildFile; fileRef = 5641335C22DFB63300D04476 /* jssy.cpp */; };
		5641336322DFB66400D04476 /* libcurl.tbd in Frameworks */ = {isa = PBXBuildFile; fileRef = 5641336222DFB66400D04476 /* libcurl.tbd */; };
		568FB3B12302FADA00791D9E /* libplist.a in Frameworks */ = {isa = PBXBuildFile; fileRef = 568FB3B02302FAD900791D9E /* libplist.a */; };
		568FB3B32302FAEA00791D9E /* libcrypto.a in Frameworks */ = {isa = PBXBuildFile; fileRef = 568FB3B22302FAEA00791D9E /* libcrypto.a */; };
		568FB3B52302FB0F00791D9E /* libirecovery.a in Frameworks */ = {isa = PBXBuildFile; fileRef = 568FB3B42302FB0F00791D9E /* libirecovery.a */; };
		568FB3B72302FB1D00791D9E /* libfragmentzip.a in Frameworks */ = {isa = PBXBuildFile; fileRef = 568FB3B62302FB1C00791D9E /* libfragmentzip.a */; };
		87B93E861EE709A800709583 /* jssy.c in Sources */ = {isa = PBXBuildFile; fileRef = 87B93E841EE709A800709583 /* jssy.c */; };
		87CEC4C91C576BD9006E75FC /* tss.c in Sources */ = {isa = PBXBuildFile; fileRef = 87CEC4C81C576BD9006E75FC /* tss.c */; };
		87EB90A31C2940CD002CEE70 /* main.c in Sources */ = {isa = PBXBuildFile; fileRef = 87EB90A21C2940CD002CEE70 /* main.c */; };
		87F927AC1C3E44CE00343510 /* tsschecker.c in Sources */ = {isa = PBXBuildFile; fileRef = 87F927AA1C3E44CE00343510 /* tsschecker.c */; };
		87F927AF1C3E455200343510 /* download.c in Sources */ = {isa = PBXBuildFile; fileRef = 87F927AD1C3E455200343510 /* download.c */; };
/* End PBXBuildFile section */

/* Begin PBXCopyFilesBuildPhase section */
		87EB909D1C2940CD002CEE70 /* CopyFiles */ = {
			isa = PBXCopyFilesBuildPhase;
			buildActionMask = 2147483647;
			dstPath = /usr/share/man/man1/;
			dstSubfolderSpec = 0;
			files = (
			);
			runOnlyForDeploymentPostprocessing = 1;
		};
/* End PBXCopyFilesBuildPhase section */

/* Begin PBXFileReference section */
		5641335522DFB60700D04476 /* debug.h */ = {isa = PBXFileReference; lastKnownFileType = sourcecode.c.h; path = debug.h; sourceTree = "<group>"; };
		5641335622DFB61200D04476 /* all.h */ = {isa = PBXFileReference; lastKnownFileType = sourcecode.c.h; path = all.h; sourceTree = "<group>"; };
		5641335722DFB62C00D04476 /* helper.h */ = {isa = PBXFileReference; fileEncoding = 4; lastKnownFileType = sourcecode.c.h; name = helper.h; path = external/jssy/jssy/helper.h; sourceTree = SOURCE_ROOT; };
		5641335822DFB62C00D04476 /* cmain.c */ = {isa = PBXFileReference; fileEncoding = 4; lastKnownFileType = sourcecode.c.c; name = cmain.c; path = external/jssy/jssy/cmain.c; sourceTree = SOURCE_ROOT; };
		5641335C22DFB63300D04476 /* jssy.cpp */ = {isa = PBXFileReference; fileEncoding = 4; lastKnownFileType = sourcecode.cpp.cpp; name = jssy.cpp; path = external/jssy/jssy/jssy.cpp; sourceTree = SOURCE_ROOT; };
		5641335F22DFB63C00D04476 /* jssy.hpp */ = {isa = PBXFileReference; lastKnownFileType = sourcecode.cpp.h; name = jssy.hpp; path = external/jssy/jssy/jssy.hpp; sourceTree = SOURCE_ROOT; };
		5641336022DFB63C00D04476 /* ptr_smart.hpp */ = {isa = PBXFileReference; lastKnownFileType = sourcecode.cpp.h; name = ptr_smart.hpp; path = external/jssy/jssy/ptr_smart.hpp; sourceTree = SOURCE_ROOT; };
		5641336222DFB66400D04476 /* libcurl.tbd */ = {isa = PBXFileReference; lastKnownFileType = "sourcecode.text-based-dylib-definition"; name = libcurl.tbd; path = usr/lib/libcurl.tbd; sourceTree = SDKROOT; };
		568FB3B02302FAD900791D9E /* libplist.a */ = {isa = PBXFileReference; lastKnownFileType = archive.ar; name = libplist.a; path = ../../../../../usr/local/lib/libplist.a; sourceTree = "<group>"; };
		568FB3B22302FAEA00791D9E /* libcrypto.a */ = {isa = PBXFileReference; lastKnownFileType = archive.ar; name = libcrypto.a; path = ../../../../../usr/local/lib/libcrypto.a; sourceTree = "<group>"; };
		568FB3B42302FB0F00791D9E /* libirecovery.a */ = {isa = PBXFileReference; lastKnownFileType = archive.ar; name = libirecovery.a; path = ../../../../../usr/local/lib/libirecovery.a; sourceTree = "<group>"; };
		568FB3B62302FB1C00791D9E /* libfragmentzip.a */ = {isa = PBXFileReference; lastKnownFileType = archive.ar; name = libfragmentzip.a; path = ../../../../../usr/local/lib/libfragmentzip.a; sourceTree = "<group>"; };
		87B93E841EE709A800709583 /* jssy.c */ = {isa = PBXFileReference; fileEncoding = 4; lastKnownFileType = sourcecode.c.c; name = jssy.c; path = external/jssy/jssy/jssy.c; sourceTree = SOURCE_ROOT; };
		87B93E851EE709A800709583 /* jssy.h */ = {isa = PBXFileReference; fileEncoding = 4; lastKnownFileType = sourcecode.c.h; name = jssy.h; path = external/jssy/jssy/jssy.h; sourceTree = SOURCE_ROOT; };
		87CEC4C81C576BD9006E75FC /* tss.c */ = {isa = PBXFileReference; fileEncoding = 4; lastKnownFileType = sourcecode.c.c; path = tss.c; sourceTree = "<group>"; };
		87CEC4CA1C576BE0006E75FC /* tss.h */ = {isa = PBXFileReference; lastKnownFileType = sourcecode.c.h; path = tss.h; sourceTree = "<group>"; };
		87EB909F1C2940CD002CEE70 /* tsschecker */ = {isa = PBXFileReference; explicitFileType = "compiled.mach-o.executable"; includeInIndex = 0; path = tsschecker; sourceTree = BUILT_PRODUCTS_DIR; };
		87EB90A21C2940CD002CEE70 /* main.c */ = {isa = PBXFileReference; lastKnownFileType = sourcecode.c.c; path = main.c; sourceTree = "<group>"; };
		87F927AA1C3E44CE00343510 /* tsschecker.c */ = {isa = PBXFileReference; fileEncoding = 4; lastKnownFileType = sourcecode.c.c; path = tsschecker.c; sourceTree = "<group>"; };
		87F927AB1C3E44CE00343510 /* tsschecker.h */ = {isa = PBXFileReference; fileEncoding = 4; lastKnownFileType = sourcecode.c.h; path = tsschecker.h; sourceTree = "<group>"; };
		87F927AD1C3E455200343510 /* download.c */ = {isa = PBXFileReference; fileEncoding = 4; lastKnownFileType = sourcecode.c.c; path = download.c; sourceTree = "<group>"; };
		87F927AE1C3E455200343510 /* download.h */ = {isa = PBXFileReference; fileEncoding = 4; lastKnownFileType = sourcecode.c.h; path = download.h; sourceTree = "<group>"; };
/* End PBXFileReference section */

/* Begin PBXFrameworksBuildPhase section */
		87EB909C1C2940CD002CEE70 /* Frameworks */ = {
			isa = PBXFrameworksBuildPhase;
			buildActionMask = 2147483647;
			files = (
				5641336322DFB66400D04476 /* libcurl.tbd in Frameworks */,
				568FB3B32302FAEA00791D9E /* libcrypto.a in Frameworks */,
				568FB3B72302FB1D00791D9E /* libfragmentzip.a in Frameworks */,
				568FB3B52302FB0F00791D9E /* libirecovery.a in Frameworks */,
				568FB3B12302FADA00791D9E /* libplist.a in Frameworks */,
			);
			runOnlyForDeploymentPostprocessing = 0;
		};
/* End PBXFrameworksBuildPhase section */

/* Begin PBXGroup section */
		87B93E821EE7098900709583 /* external */ = {
			isa = PBXGroup;
			children = (
				87B93E831EE7099A00709583 /* jssy */,
			);
			name = external;
			sourceTree = "<group>";
		};
		87B93E831EE7099A00709583 /* jssy */ = {
			isa = PBXGroup;
			children = (
				5641335F22DFB63C00D04476 /* jssy.hpp */,
				5641336022DFB63C00D04476 /* ptr_smart.hpp */,
				5641335822DFB62C00D04476 /* cmain.c */,
				5641335722DFB62C00D04476 /* helper.h */,
				87B93E851EE709A800709583 /* jssy.h */,
				5641335C22DFB63300D04476 /* jssy.cpp */,
				87B93E841EE709A800709583 /* jssy.c */,
			);
			name = jssy;
			sourceTree = "<group>";
		};
		87CD9A3B1E0F35FE00E566B7 /* Frameworks */ = {
			isa = PBXGroup;
			children = (
				5641336222DFB66400D04476 /* libcurl.tbd */,
				568FB3B02302FAD900791D9E /* libplist.a */,
				568FB3B22302FAEA00791D9E /* libcrypto.a */,
				568FB3B42302FB0F00791D9E /* libirecovery.a */,
				568FB3B62302FB1C00791D9E /* libfragmentzip.a */,
			);
			name = Frameworks;
			sourceTree = "<group>";
		};
		87CEC4CB1C576BE8006E75FC /* libs */ = {
			isa = PBXGroup;
			children = (
				87CEC4CA1C576BE0006E75FC /* tss.h */,
				87CEC4C81C576BD9006E75FC /* tss.c */,
			);
			name = libs;
			sourceTree = "<group>";
		};
		87EB90961C2940CD002CEE70 = {
			isa = PBXGroup;
			children = (
				87EB90A11C2940CD002CEE70 /* tsschecker */,
				87EB90A01C2940CD002CEE70 /* Products */,
				87CD9A3B1E0F35FE00E566B7 /* Frameworks */,
			);
			sourceTree = "<group>";
		};
		87EB90A01C2940CD002CEE70 /* Products */ = {
			isa = PBXGroup;
			children = (
				87EB909F1C2940CD002CEE70 /* tsschecker */,
			);
			name = Products;
			sourceTree = "<group>";
		};
		87EB90A11C2940CD002CEE70 /* tsschecker */ = {
			isa = PBXGroup;
			children = (
				5641335622DFB61200D04476 /* all.h */,
				5641335522DFB60700D04476 /* debug.h */,
				87B93E821EE7098900709583 /* external */,
				87CEC4CB1C576BE8006E75FC /* libs */,
				87F927AE1C3E455200343510 /* download.h */,
				87F927AD1C3E455200343510 /* download.c */,
				87F927AB1C3E44CE00343510 /* tsschecker.h */,
				87F927AA1C3E44CE00343510 /* tsschecker.c */,
				87EB90A21C2940CD002CEE70 /* main.c */,
			);
			path = tsschecker;
			sourceTree = "<group>";
		};
/* End PBXGroup section */

/* Begin PBXNativeTarget section */
		87EB909E1C2940CD002CEE70 /* tsschecker */ = {
			isa = PBXNativeTarget;
			buildConfigurationList = 87EB90A61C2940CD002CEE70 /* Build configuration list for PBXNativeTarget "tsschecker" */;
			buildPhases = (
				87EB909B1C2940CD002CEE70 /* Sources */,
				87EB909C1C2940CD002CEE70 /* Frameworks */,
				87EB909D1C2940CD002CEE70 /* CopyFiles */,
			);
			buildRules = (
			);
			dependencies = (
			);
			name = tsschecker;
			productName = tsschecker;
			productReference = 87EB909F1C2940CD002CEE70 /* tsschecker */;
			productType = "com.apple.product-type.tool";
		};
/* End PBXNativeTarget section */

/* Begin PBXProject section */
		87EB90971C2940CD002CEE70 /* Project object */ = {
			isa = PBXProject;
			attributes = {
				LastUpgradeCheck = 1100;
				ORGANIZATIONNAME = tihmstar;
				TargetAttributes = {
					87EB909E1C2940CD002CEE70 = {
						CreatedOnToolsVersion = 7.2;
					};
				};
			};
			buildConfigurationList = 87EB909A1C2940CD002CEE70 /* Build configuration list for PBXProject "tsschecker" */;
			compatibilityVersion = "Xcode 6.3";
			developmentRegion = en;
			hasScannedForEncodings = 0;
			knownRegions = (
				en,
			);
			mainGroup = 87EB90961C2940CD002CEE70;
			productRefGroup = 87EB90A01C2940CD002CEE70 /* Products */;
			projectDirPath = "";
			projectRoot = "";
			targets = (
				87EB909E1C2940CD002CEE70 /* tsschecker */,
			);
		};
/* End PBXProject section */

/* Begin PBXSourcesBuildPhase section */
		87EB909B1C2940CD002CEE70 /* Sources */ = {
			isa = PBXSourcesBuildPhase;
			buildActionMask = 2147483647;
			files = (
				5641335A22DFB62C00D04476 /* cmain.c in Sources */,
				87F927AC1C3E44CE00343510 /* tsschecker.c in Sources */,
				5641335D22DFB63300D04476 /* jssy.cpp in Sources */,
				87CEC4C91C576BD9006E75FC /* tss.c in Sources */,
				87F927AF1C3E455200343510 /* download.c in Sources */,
				87EB90A31C2940CD002CEE70 /* main.c in Sources */,
				87B93E861EE709A800709583 /* jssy.c in Sources */,
			);
			runOnlyForDeploymentPostprocessing = 0;
		};
/* End PBXSourcesBuildPhase section */

/* Begin XCBuildConfiguration section */
		87EB90A41C2940CD002CEE70 /* Debug */ = {
			isa = XCBuildConfiguration;
			buildSettings = {
				ALWAYS_SEARCH_USER_PATHS = NO;
				CLANG_CXX_LANGUAGE_STANDARD = "gnu++0x";
				CLANG_CXX_LIBRARY = "libc++";
				CLANG_ENABLE_MODULES = YES;
				CLANG_ENABLE_OBJC_ARC = YES;
				CLANG_WARN_BLOCK_CAPTURE_AUTORELEASING = YES;
				CLANG_WARN_BOOL_CONVERSION = YES;
				CLANG_WARN_COMMA = YES;
				CLANG_WARN_CONSTANT_CONVERSION = YES;
				CLANG_WARN_DEPRECATED_OBJC_IMPLEMENTATIONS = YES;
				CLANG_WARN_DIRECT_OBJC_ISA_USAGE = YES_ERROR;
				CLANG_WARN_EMPTY_BODY = YES;
				CLANG_WARN_ENUM_CONVERSION = YES;
				CLANG_WARN_INFINITE_RECURSION = YES;
				CLANG_WARN_INT_CONVERSION = YES;
				CLANG_WARN_NON_LITERAL_NULL_CONVERSION = YES;
				CLANG_WARN_OBJC_IMPLICIT_RETAIN_SELF = YES;
				CLANG_WARN_OBJC_LITERAL_CONVERSION = YES;
				CLANG_WARN_OBJC_ROOT_CLASS = YES_ERROR;
				CLANG_WARN_RANGE_LOOP_ANALYSIS = YES;
				CLANG_WARN_STRICT_PROTOTYPES = YES;
				CLANG_WARN_SUSPICIOUS_MOVE = YES;
				CLANG_WARN_UNREACHABLE_CODE = YES;
				CLANG_WARN__DUPLICATE_METHOD_MATCH = YES;
				CODE_SIGN_IDENTITY = "-";
				COPY_PHASE_STRIP = NO;
				DEBUG_INFORMATION_FORMAT = dwarf;
				ENABLE_STRICT_OBJC_MSGSEND = YES;
				ENABLE_TESTABILITY = YES;
				GCC_C_LANGUAGE_STANDARD = gnu99;
				GCC_DYNAMIC_NO_PIC = NO;
				GCC_NO_COMMON_BLOCKS = YES;
				GCC_OPTIMIZATION_LEVEL = 0;
				GCC_PREPROCESSOR_DEFINITIONS = (
					"DEBUG=1",
					"$(inherited)",
				);
				GCC_WARN_64_TO_32_BIT_CONVERSION = YES;
				GCC_WARN_ABOUT_RETURN_TYPE = YES_ERROR;
				GCC_WARN_UNDECLARED_SELECTOR = YES;
				GCC_WARN_UNINITIALIZED_AUTOS = YES_AGGRESSIVE;
				GCC_WARN_UNUSED_FUNCTION = YES;
				GCC_WARN_UNUSED_VARIABLE = YES;
				MACOSX_DEPLOYMENT_TARGET = 10.11;
				MTL_ENABLE_DEBUG_INFO = YES;
				ONLY_ACTIVE_ARCH = YES;
				SDKROOT = macosx;
			};
			name = Debug;
		};
		87EB90A51C2940CD002CEE70 /* Release */ = {
			isa = XCBuildConfiguration;
			buildSettings = {
				ALWAYS_SEARCH_USER_PATHS = NO;
				CLANG_CXX_LANGUAGE_STANDARD = "gnu++0x";
				CLANG_CXX_LIBRARY = "libc++";
				CLANG_ENABLE_MODULES = YES;
				CLANG_ENABLE_OBJC_ARC = YES;
				CLANG_WARN_BLOCK_CAPTURE_AUTORELEASING = YES;
				CLANG_WARN_BOOL_CONVERSION = YES;
				CLANG_WARN_COMMA = YES;
				CLANG_WARN_CONSTANT_CONVERSION = YES;
				CLANG_WARN_DEPRECATED_OBJC_IMPLEMENTATIONS = YES;
				CLANG_WARN_DIRECT_OBJC_ISA_USAGE = YES_ERROR;
				CLANG_WARN_EMPTY_BODY = YES;
				CLANG_WARN_ENUM_CONVERSION = YES;
				CLANG_WARN_INFINITE_RECURSION = YES;
				CLANG_WARN_INT_CONVERSION = YES;
				CLANG_WARN_NON_LITERAL_NULL_CONVERSION = YES;
				CLANG_WARN_OBJC_IMPLICIT_RETAIN_SELF = YES;
				CLANG_WARN_OBJC_LITERAL_CONVERSION = YES;
				CLANG_WARN_OBJC_ROOT_CLASS = YES_ERROR;
				CLANG_WARN_RANGE_LOOP_ANALYSIS = YES;
				CLANG_WARN_STRICT_PROTOTYPES = YES;
				CLANG_WARN_SUSPICIOUS_MOVE = YES;
				CLANG_WARN_UNREACHABLE_CODE = YES;
				CLANG_WARN__DUPLICATE_METHOD_MATCH = YES;
				CODE_SIGN_IDENTITY = "-";
				COPY_PHASE_STRIP = NO;
				DEBUG_INFORMATION_FORMAT = "dwarf-with-dsym";
				ENABLE_NS_ASSERTIONS = NO;
				ENABLE_STRICT_OBJC_MSGSEND = YES;
				GCC_C_LANGUAGE_STANDARD = gnu99;
				GCC_NO_COMMON_BLOCKS = YES;
				GCC_WARN_64_TO_32_BIT_CONVERSION = YES;
				GCC_WARN_ABOUT_RETURN_TYPE = YES_ERROR;
				GCC_WARN_UNDECLARED_SELECTOR = YES;
				GCC_WARN_UNINITIALIZED_AUTOS = YES_AGGRESSIVE;
				GCC_WARN_UNUSED_FUNCTION = YES;
				GCC_WARN_UNUSED_VARIABLE = YES;
				MACOSX_DEPLOYMENT_TARGET = 10.11;
				MTL_ENABLE_DEBUG_INFO = NO;
				SDKROOT = macosx;
			};
			name = Release;
		};
		87EB90A71C2940CD002CEE70 /* Debug */ = {
			isa = XCBuildConfiguration;
			buildSettings = {
				ALWAYS_SEARCH_USER_PATHS = YES;
				CODE_SIGN_IDENTITY = "-";
				GCC_PREFIX_HEADER = "";
				HEADER_SEARCH_PATHS = (
					/usr/local/include,
					/opt/local/include,
				);
				LIBRARY_SEARCH_PATHS = /usr/local/lib;
				OTHER_CFLAGS = "-std=c11";
				OTHER_CPLUSPLUSFLAGS = "";
				PRODUCT_NAME = "$(TARGET_NAME)";
			};
			name = Debug;
		};
		87EB90A81C2940CD002CEE70 /* Release */ = {
			isa = XCBuildConfiguration;
			buildSettings = {
				ALWAYS_SEARCH_USER_PATHS = YES;
				CODE_SIGN_IDENTITY = "-";
				GCC_PREFIX_HEADER = "";
				HEADER_SEARCH_PATHS = (
					/usr/local/include,
					/opt/local/include,
				);
				LIBRARY_SEARCH_PATHS = /usr/local/lib;
				OTHER_CFLAGS = "-std=c11";
				OTHER_CPLUSPLUSFLAGS = "";
				PRODUCT_NAME = "$(TARGET_NAME)";
			};
			name = Release;
		};
/* End XCBuildConfiguration section */

/* Begin XCConfigurationList section */
		87EB909A1C2940CD002CEE70 /* Build configuration list for PBXProject "tsschecker" */ = {
			isa = XCConfigurationList;
			buildConfigurations = (
				87EB90A41C2940CD002CEE70 /* Debug */,
				87EB90A51C2940CD002CEE70 /* Release */,
			);
			defaultConfigurationIsVisible = 0;
			defaultConfigurationName = Release;
		};
		87EB90A61C2940CD002CEE70 /* Build configuration list for PBXNativeTarget "tsschecker" */ = {
			isa = XCConfigurationList;
			buildConfigurations = (
				87EB90A71C2940CD002CEE70 /* Debug */,
				87EB90A81C2940CD002CEE70 /* Release */,
			);
			defaultConfigurationIsVisible = 0;
			defaultConfigurationName = Release;
		};
/* End XCConfigurationList section */
	};
	rootObject = 87EB90971C2940CD002CEE70 /* Project object */;
}
